
Microsoft Visual Studio Solution File, Format Version 10.00
# Visual Studio 2008
Project("{FAE04EC0-301F-11D3-BF4B-00C04F79EFBC}") = "Data2Serial", "Data2Serial\Data2Serial.csproj", "{EC4B843F-E5ED-4FC7-AF13-4F9A7086BB62}"
EndProject
Global
	GlobalSection(SolutionConfigurationPlatforms) = preSolution
		Debug|Any CPU = Debug|Any CPU
		Release|Any CPU = Release|Any CPU
	EndGlobalSection
	GlobalSection(ProjectConfigurationPlatforms) = postSolution
		{EC4B843F-E5ED-4FC7-AF13-4F9A7086BB62}.Debug|Any CPU.ActiveCfg = Debug|Any CPU
		{EC4B843F-E5ED-4FC7-AF13-4F9A7086BB62}.Debug|Any CPU.Build.0 = Debug|Any CPU
		{EC4B843F-E5ED-4FC7-AF13-4F9A7086BB62}.Release|Any CPU.ActiveCfg = Release|Any CPU
		{EC4B843F-E5ED-4FC7-AF13-4F9A7086BB62}.Release|Any CPU.Build.0 = Release|Any CPU
	EndGlobalSection
	GlobalSection(SolutionProperties) = preSolution
		HideSolutionNode = FALSE
	EndGlobalSection
EndGlobal
